
Microsoft Visual Studio Solution File, Format Version 12.00
# Visual Studio Version 17
VisualStudioVersion = 17.4.33213.308
MinimumVisualStudioVersion = 10.0.40219.1
Project("{FAE04EC0-301F-11D3-BF4B-00C04F79EFBC}") = "Exercitium", "Exercitium\Exercitium.csproj", "{969204EC-EF29-4C8C-8785-C10A203685BA}"
EndProject
Global
	GlobalSection(SolutionConfigurationPlatforms) = preSolution
		Debug|Any CPU = Debug|Any CPU
		Release|Any CPU = Release|Any CPU
	EndGlobalSection
	GlobalSection(ProjectConfigurationPlatforms) = postSolution
		{969204EC-EF29-4C8C-8785-C10A203685BA}.Debug|Any CPU.ActiveCfg = Debug|Any CPU
		{969204EC-EF29-4C8C-8785-C10A203685BA}.Debug|Any CPU.Build.0 = Debug|Any CPU
		{969204EC-EF29-4C8C-8785-C10A203685BA}.Release|Any CPU.ActiveCfg = Release|Any CPU
		{969204EC-EF29-4C8C-8785-C10A203685BA}.Release|Any CPU.Build.0 = Release|Any CPU
	EndGlobalSection
	GlobalSection(SolutionProperties) = preSolution
		HideSolutionNode = FALSE
	EndGlobalSection
	GlobalSection(ExtensibilityGlobals) = postSolution
		SolutionGuid = {784C7550-5A26-4414-8FB5-D2A4C18412EB}
	EndGlobalSection
EndGlobal
